# THIS IS AN AUTOGENERATED FILE. DO NOT EDIT THIS FILE DIRECTLY.
# yarn lockfile v1


"@babel/parser@^7.20.15", "@babel/parser@^7.21.3":
  "integrity" "sha512-+gPfKv8UWeKKeJTUxe59+OobVcrYHETCsORl61EmSkmgymguYk/X5bp7GuUIXaFsc6y++v8ZxPsLSSuujqDphA=="
  "resolved" "https://registry.npmmirror.com/@babel/parser/-/parser-7.22.16.tgz"
  "version" "7.22.16"

"@ctrl/tinycolor@^3.4.1":
  "integrity" "sha512-SITSV6aIXsuVNV3f3O0f2n/cgyEDWoSqtZMYiAmcsYHydcKrOz3gUxB/iXd/Qf08+IZX4KpgNbvUdMBmWz+kcA=="
  "resolved" "https://registry.npmmirror.com/@ctrl/tinycolor/-/tinycolor-3.6.1.tgz"
  "version" "3.6.1"

"@element-plus/icons-vue@^2.0.6", "@element-plus/icons-vue@^2.1.0":
  "integrity" "sha512-PSBn3elNoanENc1vnCfh+3WA9fimRC7n+fWkf3rE5jvv+aBohNHABC/KAR5KWPecxWxDTVT1ERpRbOMRcOV/vA=="
  "resolved" "https://registry.npmmirror.com/@element-plus/icons-vue/-/icons-vue-2.1.0.tgz"
  "version" "2.1.0"

"@esbuild/win32-x64@0.18.20":
  "integrity" "sha512-kTdfRcSiDfQca/y9QIkng02avJ+NCaQvrMejlsB3RRv5sE9rRoeBPISaZpKxHELzRxZyLvNts1P27W3wV+8geQ=="
  "resolved" "https://registry.npmmirror.com/@esbuild/win32-x64/-/win32-x64-0.18.20.tgz"
  "version" "0.18.20"

"@floating-ui/core@^1.4.2":
  "integrity" "sha512-kK1h4m36DQ0UHGj5Ah4db7R0rHemTqqO0QLvUqi1/mUUp3LuAWbWxdxSIf/XsnH9VS6rRVPLJCncjRzUvyCLXg=="
  "resolved" "https://registry.npmmirror.com/@floating-ui/core/-/core-1.5.0.tgz"
  "version" "1.5.0"
  dependencies:
    "@floating-ui/utils" "^0.1.3"

"@floating-ui/dom@^1.0.1":
  "integrity" "sha512-ClAbQnEqJAKCJOEbbLo5IUlZHkNszqhuxS4fHAVxRPXPya6Ysf2G8KypnYcOTpx6I8xcgF9bbHb6g/2KpbV8qA=="
  "resolved" "https://registry.npmmirror.com/@floating-ui/dom/-/dom-1.5.3.tgz"
  "version" "1.5.3"
  dependencies:
    "@floating-ui/core" "^1.4.2"
    "@floating-ui/utils" "^0.1.3"

"@floating-ui/utils@^0.1.3":
  "integrity" "sha512-qprfWkn82Iw821mcKofJ5Pk9wgioHicxcQMxx+5zt5GSKoqdWvgG5AxVmpmUUjzTLPVSH5auBrhI93Deayn/DA=="
  "resolved" "https://registry.npmmirror.com/@floating-ui/utils/-/utils-0.1.4.tgz"
  "version" "0.1.4"

"@jridgewell/sourcemap-codec@^1.4.15":
  "integrity" "sha512-eF2rxCRulEKXHTRiDrDy6erMYWqNw4LPdQ8UQA4huuxaQsVeRPFl2oM8oDGxMFhJUWZf9McpLtJasDDZb/Bpeg=="
  "resolved" "https://registry.npmmirror.com/@jridgewell/sourcemap-codec/-/sourcemap-codec-1.4.15.tgz"
  "version" "1.4.15"

"@popperjs/core@npm:@sxzz/popperjs-es@^2.11.7":
  "integrity" "sha512-Ccy0NlLkzr0Ex2FKvh2X+OyERHXJ88XJ1MXtsI9y9fGexlaXaVTPzBCRBwIxFkORuOb+uBqeu+RqnpgYTEZRUQ=="
  "resolved" "https://registry.npmmirror.com/@sxzz/popperjs-es/-/popperjs-es-2.11.7.tgz"
  "version" "2.11.7"

"@types/lodash-es@*", "@types/lodash-es@^4.17.6":
  "integrity" "sha512-ZTcmhiI3NNU7dEvWLZJkzG6ao49zOIjEgIE0RgV7wbPxU0f2xT3VSAHw2gmst8swH6V0YkLRGp4qPlX/6I90MQ=="
  "resolved" "https://registry.npmmirror.com/@types/lodash-es/-/lodash-es-4.17.9.tgz"
  "version" "4.17.9"
  dependencies:
    "@types/lodash" "*"

"@types/lodash@*", "@types/lodash@^4.14.182":
  "integrity" "sha512-Vrjz5N5Ia4SEzWWgIVwnHNEnb1UE1XMkvY5DGXrAeOGE9imk0hgTHh5GyDjLDJi9OTCn9oo9dXH1uToK1VRfrg=="
  "resolved" "https://registry.npmmirror.com/@types/lodash/-/lodash-4.14.199.tgz"
  "version" "4.14.199"

"@types/web-bluetooth@^0.0.16":
  "integrity" "sha512-oh8q2Zc32S6gd/j50GowEjKLoOVOwHP/bWVjKJInBwQqdOYMdPrf1oVlelTlyfFK3CKxL1uahMDAr+vy8T7yMQ=="
  "resolved" "https://registry.npmmirror.com/@types/web-bluetooth/-/web-bluetooth-0.0.16.tgz"
  "version" "0.0.16"

"@vitejs/plugin-vue@^4.2.3":
  "integrity" "sha512-ciXNIHKPriERBisHFBvnTbfKa6r9SAesOYXeGDzgegcvy9Q4xdScSHAmKbNT0M3O0S9LKhIf5/G+UYG4NnnzYw=="
  "resolved" "https://registry.npmmirror.com/@vitejs/plugin-vue/-/plugin-vue-4.3.4.tgz"
  "version" "4.3.4"

"@volar/language-core@~1.10.0", "@volar/language-core@1.10.1":
  "integrity" "sha512-JnsM1mIPdfGPxmoOcK1c7HYAsL6YOv0TCJ4aW3AXPZN/Jb4R77epDyMZIVudSGjWMbvv/JfUa+rQ+dGKTmgwBA=="
  "resolved" "https://registry.npmmirror.com/@volar/language-core/-/language-core-1.10.1.tgz"
  "version" "1.10.1"
  dependencies:
    "@volar/source-map" "1.10.1"

"@volar/source-map@~1.10.0", "@volar/source-map@1.10.1":
  "integrity" "sha512-3/S6KQbqa7pGC8CxPrg69qHLpOvkiPHGJtWPkI/1AXCsktkJ6gIk/5z4hyuMp8Anvs6eS/Kvp/GZa3ut3votKA=="
  "resolved" "https://registry.npmmirror.com/@volar/source-map/-/source-map-1.10.1.tgz"
  "version" "1.10.1"
  dependencies:
    "muggle-string" "^0.3.1"

"@volar/typescript@~1.10.0":
  "integrity" "sha512-+iiO9yUSRHIYjlteT+QcdRq8b44qH19/eiUZtjNtuh6D9ailYM7DVR0zO2sEgJlvCaunw/CF9Ov2KooQBpR4VQ=="
  "resolved" "https://registry.npmmirror.com/@volar/typescript/-/typescript-1.10.1.tgz"
  "version" "1.10.1"
  dependencies:
    "@volar/language-core" "1.10.1"

"@vue/compiler-core@3.3.4":
  "integrity" "sha512-cquyDNvZ6jTbf/+x+AgM2Arrp6G4Dzbb0R64jiG804HRMfRiFXWI6kqUVqZ6ZR0bQhIoQjB4+2bhNtVwndW15g=="
  "resolved" "https://registry.npmmirror.com/@vue/compiler-core/-/compiler-core-3.3.4.tgz"
  "version" "3.3.4"
  dependencies:
    "@babel/parser" "^7.21.3"
    "@vue/shared" "3.3.4"
    "estree-walker" "^2.0.2"
    "source-map-js" "^1.0.2"

"@vue/compiler-dom@^3.3.0", "@vue/compiler-dom@3.3.4":
  "integrity" "sha512-wyM+OjOVpuUukIq6p5+nwHYtj9cFroz9cwkfmP9O1nzH68BenTTv0u7/ndggT8cIQlnBeOo6sUT/gvHcIkLA5w=="
  "resolved" "https://registry.npmmirror.com/@vue/compiler-dom/-/compiler-dom-3.3.4.tgz"
  "version" "3.3.4"
  dependencies:
    "@vue/compiler-core" "3.3.4"
    "@vue/shared" "3.3.4"

"@vue/compiler-sfc@3.3.4":
  "integrity" "sha512-6y/d8uw+5TkCuzBkgLS0v3lSM3hJDntFEiUORM11pQ/hKvkhSKZrXW6i69UyXlJQisJxuUEJKAWEqWbWsLeNKQ=="
  "resolved" "https://registry.npmmirror.com/@vue/compiler-sfc/-/compiler-sfc-3.3.4.tgz"
  "version" "3.3.4"
  dependencies:
    "@babel/parser" "^7.20.15"
    "@vue/compiler-core" "3.3.4"
    "@vue/compiler-dom" "3.3.4"
    "@vue/compiler-ssr" "3.3.4"
    "@vue/reactivity-transform" "3.3.4"
    "@vue/shared" "3.3.4"
    "estree-walker" "^2.0.2"
    "magic-string" "^0.30.0"
    "postcss" "^8.1.10"
    "source-map-js" "^1.0.2"

"@vue/compiler-ssr@3.3.4":
  "integrity" "sha512-m0v6oKpup2nMSehwA6Uuu+j+wEwcy7QmwMkVNVfrV9P2qE5KshC6RwOCq8fjGS/Eak/uNb8AaWekfiXxbBB6gQ=="
  "resolved" "https://registry.npmmirror.com/@vue/compiler-ssr/-/compiler-ssr-3.3.4.tgz"
  "version" "3.3.4"
  dependencies:
    "@vue/compiler-dom" "3.3.4"
    "@vue/shared" "3.3.4"

"@vue/devtools-api@^6.5.0":
  "integrity" "sha512-o9KfBeaBmCKl10usN4crU53fYtC1r7jJwdGKjPT24t348rHxgfpZ0xL3Xm/gLUYnc0oTp8LAmrxOeLyu6tbk2Q=="
  "resolved" "https://registry.npmmirror.com/@vue/devtools-api/-/devtools-api-6.5.0.tgz"
  "version" "6.5.0"

"@vue/language-core@1.8.13":
  "integrity" "sha512-nata2fYBZAkl4QJrU+IcArJCMTHt1VP8ePL/Z7eUPC2AF+Cm7Qgo9ksNCPBzZRh1LYjCaSaqV7njqNogwpsMVg=="
  "resolved" "https://registry.npmmirror.com/@vue/language-core/-/language-core-1.8.13.tgz"
  "version" "1.8.13"
  dependencies:
    "@volar/language-core" "~1.10.0"
    "@volar/source-map" "~1.10.0"
    "@vue/compiler-dom" "^3.3.0"
    "@vue/reactivity" "^3.3.0"
    "@vue/shared" "^3.3.0"
    "minimatch" "^9.0.0"
    "muggle-string" "^0.3.1"
    "vue-template-compiler" "^2.7.14"

"@vue/reactivity-transform@3.3.4":
  "integrity" "sha512-MXgwjako4nu5WFLAjpBnCj/ieqcjE2aJBINUNQzkZQfzIZA4xn+0fV1tIYBJvvva3N3OvKGofRLvQIwEQPpaXw=="
  "resolved" "https://registry.npmmirror.com/@vue/reactivity-transform/-/reactivity-transform-3.3.4.tgz"
  "version" "3.3.4"
  dependencies:
    "@babel/parser" "^7.20.15"
    "@vue/compiler-core" "3.3.4"
    "@vue/shared" "3.3.4"
    "estree-walker" "^2.0.2"
    "magic-string" "^0.30.0"

"@vue/reactivity@^3.3.0", "@vue/reactivity@3.3.4":
  "integrity" "sha512-kLTDLwd0B1jG08NBF3R5rqULtv/f8x3rOFByTDz4J53ttIQEDmALqKqXY0J+XQeN0aV2FBxY8nJDf88yvOPAqQ=="
  "resolved" "https://registry.npmmirror.com/@vue/reactivity/-/reactivity-3.3.4.tgz"
  "version" "3.3.4"
  dependencies:
    "@vue/shared" "3.3.4"

"@vue/runtime-core@3.3.4":
  "integrity" "sha512-R+bqxMN6pWO7zGI4OMlmvePOdP2c93GsHFM/siJI7O2nxFRzj55pLwkpCedEY+bTMgp5miZ8CxfIZo3S+gFqvA=="
  "resolved" "https://registry.npmmirror.com/@vue/runtime-core/-/runtime-core-3.3.4.tgz"
  "version" "3.3.4"
  dependencies:
    "@vue/reactivity" "3.3.4"
    "@vue/shared" "3.3.4"

"@vue/runtime-dom@3.3.4":
  "integrity" "sha512-Aj5bTJ3u5sFsUckRghsNjVTtxZQ1OyMWCr5dZRAPijF/0Vy4xEoRCwLyHXcj4D0UFbJ4lbx3gPTgg06K/GnPnQ=="
  "resolved" "https://registry.npmmirror.com/@vue/runtime-dom/-/runtime-dom-3.3.4.tgz"
  "version" "3.3.4"
  dependencies:
    "@vue/runtime-core" "3.3.4"
    "@vue/shared" "3.3.4"
    "csstype" "^3.1.1"

"@vue/server-renderer@3.3.4":
  "integrity" "sha512-Q6jDDzR23ViIb67v+vM1Dqntu+HUexQcsWKhhQa4ARVzxOY2HbC7QRW/ggkDBd5BU+uM1sV6XOAP0b216o34JQ=="
  "resolved" "https://registry.npmmirror.com/@vue/server-renderer/-/server-renderer-3.3.4.tgz"
  "version" "3.3.4"
  dependencies:
    "@vue/compiler-ssr" "3.3.4"
    "@vue/shared" "3.3.4"

"@vue/shared@^3.3.0", "@vue/shared@3.3.4":
  "integrity" "sha512-7OjdcV8vQ74eiz1TZLzZP4JwqM5fA94K6yntPS5Z25r9HDuGNzaGdgvwKYq6S+MxwF0TFRwe50fIR/MYnakdkQ=="
  "resolved" "https://registry.npmmirror.com/@vue/shared/-/shared-3.3.4.tgz"
  "version" "3.3.4"

"@vue/typescript@1.8.13":
  "integrity" "sha512-ALJjHFqQ3dgZVCI/ogAS/dZ7JEhIi1N0Em5I7uwabY1p9RDRK3odLsycMHyxZRjm5dLI15c07eeBloHiD2Otlg=="
  "resolved" "https://registry.npmmirror.com/@vue/typescript/-/typescript-1.8.13.tgz"
  "version" "1.8.13"
  dependencies:
    "@volar/typescript" "~1.10.0"
    "@vue/language-core" "1.8.13"

"@vueuse/core@^9.1.0":
  "integrity" "sha512-pujnclbeHWxxPRqXWmdkKV5OX4Wk4YeK7wusHqRwU0Q7EFusHoqNA/aPhB6KCh9hEqJkLAJo7bb0Lh9b+OIVzw=="
  "resolved" "https://registry.npmmirror.com/@vueuse/core/-/core-9.13.0.tgz"
  "version" "9.13.0"
  dependencies:
    "@types/web-bluetooth" "^0.0.16"
    "@vueuse/metadata" "9.13.0"
    "@vueuse/shared" "9.13.0"
    "vue-demi" "*"

"@vueuse/metadata@9.13.0":
  "integrity" "sha512-gdU7TKNAUVlXXLbaF+ZCfte8BjRJQWPCa2J55+7/h+yDtzw3vOoGQDRXzI6pyKyo6bXFT5/QoPE4hAknExjRLQ=="
  "resolved" "https://registry.npmmirror.com/@vueuse/metadata/-/metadata-9.13.0.tgz"
  "version" "9.13.0"

"@vueuse/shared@9.13.0":
  "integrity" "sha512-UrnhU+Cnufu4S6JLCPZnkWh0WwZGUp72ktOF2DFptMlOs3TOdVv8xJN53zhHGARmVOsz5KqOls09+J1NR6sBKw=="
  "resolved" "https://registry.npmmirror.com/@vueuse/shared/-/shared-9.13.0.tgz"
  "version" "9.13.0"
  dependencies:
    "vue-demi" "*"

"anymatch@~3.1.2":
  "integrity" "sha512-KMReFUr0B4t+D+OBkjR3KYqvocp2XaSzO55UcB6mgQMd3KbcE+mWTyvVV7D/zsdEbNnV6acZUutkiHQXvTr1Rw=="
  "resolved" "https://registry.npmmirror.com/anymatch/-/anymatch-3.1.3.tgz"
  "version" "3.1.3"
  dependencies:
    "normalize-path" "^3.0.0"
    "picomatch" "^2.0.4"

"async-validator@^4.2.5":
  "integrity" "sha512-7HhHjtERjqlNbZtqNqy2rckN/SpOOlmDliet+lP7k+eKZEjPk3DgyeU9lIXLdeLz0uBbbVp+9Qdow9wJWgwwfg=="
  "resolved" "https://registry.npmmirror.com/async-validator/-/async-validator-4.2.5.tgz"
  "version" "4.2.5"

"balanced-match@^1.0.0":
  "integrity" "sha512-3oSeUO0TMV67hN1AmbXsK4yaqU7tjiHlbxRDZOpH0KW9+CeX4bRAaX0Anxt0tx2MrpRpWwQaPwIlISEJhYU5Pw=="
  "resolved" "https://registry.npmmirror.com/balanced-match/-/balanced-match-1.0.2.tgz"
  "version" "1.0.2"

"binary-extensions@^2.0.0":
  "integrity" "sha512-jDctJ/IVQbZoJykoeHbhXpOlNBqGNcwXJKJog42E5HDPUwQTSdjCHdihjj0DlnheQ7blbT6dHOafNAiS8ooQKA=="
  "resolved" "https://registry.npmmirror.com/binary-extensions/-/binary-extensions-2.2.0.tgz"
  "version" "2.2.0"

"brace-expansion@^2.0.1":
  "integrity" "sha512-XnAIvQ8eM+kC6aULx6wuQiwVsnzsi9d3WxzV3FpWTGA19F621kwdbsAcFKXgKUHZWsy+mY6iL1sHTxWEFCytDA=="
  "resolved" "https://registry.npmmirror.com/brace-expansion/-/brace-expansion-2.0.1.tgz"
  "version" "2.0.1"
  dependencies:
    "balanced-match" "^1.0.0"

"braces@~3.0.2":
  "integrity" "sha512-b8um+L1RzM3WDSzvhm6gIz1yfTbBt6YTlcEKAvsmqCZZFw46z626lVj9j1yEPW33H5H+lBQpZMP1k8l+78Ha0A=="
  "resolved" "https://registry.npmmirror.com/braces/-/braces-3.0.2.tgz"
  "version" "3.0.2"
  dependencies:
    "fill-range" "^7.0.1"

"chokidar@>=3.0.0 <4.0.0":
  "integrity" "sha512-Dr3sfKRP6oTcjf2JmUmFJfeVMvXBdegxB0iVQ5eb2V10uFJUCAS8OByZdVAyVb8xXNz3GjjTgj9kLWsZTqE6kw=="
  "resolved" "https://registry.npmmirror.com/chokidar/-/chokidar-3.5.3.tgz"
  "version" "3.5.3"
  dependencies:
    "anymatch" "~3.1.2"
    "braces" "~3.0.2"
    "glob-parent" "~5.1.2"
    "is-binary-path" "~2.1.0"
    "is-glob" "~4.0.1"
    "normalize-path" "~3.0.0"
    "readdirp" "~3.6.0"
  optionalDependencies:
    "fsevents" "~2.3.2"

"csstype@^3.1.1":
  "integrity" "sha512-I7K1Uu0MBPzaFKg4nI5Q7Vs2t+3gWWW648spaF+Rg7pI9ds18Ugn+lvg4SHczUdKlHI5LWBXyqfS8+DufyBsgQ=="
  "resolved" "https://registry.npmmirror.com/csstype/-/csstype-3.1.2.tgz"
  "version" "3.1.2"

"dayjs@^1.11.3":
  "integrity" "sha512-vjAczensTgRcqDERK0SR2XMwsF/tSvnvlv6VcF2GIhg6Sx4yOIt/irsr1RDJsKiIyBzJDpCoXiWWq28MqH2cnQ=="
  "resolved" "https://registry.npmmirror.com/dayjs/-/dayjs-1.11.10.tgz"
  "version" "1.11.10"

"de-indent@^1.0.2":
  "integrity" "sha512-e/1zu3xH5MQryN2zdVaF0OrdNLUbvWxzMbi+iNA6Bky7l1RoP8a2fIbRocyHclXt/arDrrR6lL3TqFD9pMQTsg=="
  "resolved" "https://registry.npmmirror.com/de-indent/-/de-indent-1.0.2.tgz"
  "version" "1.0.2"

"element-plus@^2.3.14":
  "integrity" "sha512-9yvxUaU4jXf2ZNPdmIxoj/f8BG8CDcGM6oHa9JIqxLjQlfY4bpzR1E5CjNimnOX3rxO93w1TQ0jTVt0RSxh9kA=="
  "resolved" "https://registry.npmmirror.com/element-plus/-/element-plus-2.3.14.tgz"
  "version" "2.3.14"
  dependencies:
    "@ctrl/tinycolor" "^3.4.1"
    "@element-plus/icons-vue" "^2.0.6"
    "@floating-ui/dom" "^1.0.1"
    "@popperjs/core" "npm:@sxzz/popperjs-es@^2.11.7"
    "@types/lodash" "^4.14.182"
    "@types/lodash-es" "^4.17.6"
    "@vueuse/core" "^9.1.0"
    "async-validator" "^4.2.5"
    "dayjs" "^1.11.3"
    "escape-html" "^1.0.3"
    "lodash" "^4.17.21"
    "lodash-es" "^4.17.21"
    "lodash-unified" "^1.0.2"
    "memoize-one" "^6.0.0"
    "normalize-wheel-es" "^1.2.0"

"esbuild@^0.18.10":
  "integrity" "sha512-ceqxoedUrcayh7Y7ZX6NdbbDzGROiyVBgC4PriJThBKSVPWnnFHZAkfI1lJT8QFkOwH4qOS2SJkS4wvpGl8BpA=="
  "resolved" "https://registry.npmmirror.com/esbuild/-/esbuild-0.18.20.tgz"
  "version" "0.18.20"
  optionalDependencies:
    "@esbuild/android-arm" "0.18.20"
    "@esbuild/android-arm64" "0.18.20"
    "@esbuild/android-x64" "0.18.20"
    "@esbuild/darwin-arm64" "0.18.20"
    "@esbuild/darwin-x64" "0.18.20"
    "@esbuild/freebsd-arm64" "0.18.20"
    "@esbuild/freebsd-x64" "0.18.20"
    "@esbuild/linux-arm" "0.18.20"
    "@esbuild/linux-arm64" "0.18.20"
    "@esbuild/linux-ia32" "0.18.20"
    "@esbuild/linux-loong64" "0.18.20"
    "@esbuild/linux-mips64el" "0.18.20"
    "@esbuild/linux-ppc64" "0.18.20"
    "@esbuild/linux-riscv64" "0.18.20"
    "@esbuild/linux-s390x" "0.18.20"
    "@esbuild/linux-x64" "0.18.20"
    "@esbuild/netbsd-x64" "0.18.20"
    "@esbuild/openbsd-x64" "0.18.20"
    "@esbuild/sunos-x64" "0.18.20"
    "@esbuild/win32-arm64" "0.18.20"
    "@esbuild/win32-ia32" "0.18.20"
    "@esbuild/win32-x64" "0.18.20"

"escape-html@^1.0.3":
  "integrity" "sha512-NiSupZ4OeuGwr68lGIeym/ksIZMJodUGOSCZ/FSnTxcrekbvqrgdUxlJOMpijaKZVjAJrWrGs/6Jy8OMuyj9ow=="
  "resolved" "https://registry.npmmirror.com/escape-html/-/escape-html-1.0.3.tgz"
  "version" "1.0.3"

"estree-walker@^2.0.2":
  "integrity" "sha512-Rfkk/Mp/DL7JVje3u18FxFujQlTNR2q6QfMSMB7AvCBx91NGj/ba3kCfza0f6dVDbw7YlRf/nDrn7pQrCCyQ/w=="
  "resolved" "https://registry.npmmirror.com/estree-walker/-/estree-walker-2.0.2.tgz"
  "version" "2.0.2"

"fill-range@^7.0.1":
  "integrity" "sha512-qOo9F+dMUmC2Lcb4BbVvnKJxTPjCm+RRpe4gDuGrzkL7mEVl/djYSu2OdQ2Pa302N4oqkSg9ir6jaLWJ2USVpQ=="
  "resolved" "https://registry.npmmirror.com/fill-range/-/fill-range-7.0.1.tgz"
  "version" "7.0.1"
  dependencies:
    "to-regex-range" "^5.0.1"

"glob-parent@~5.1.2":
  "integrity" "sha512-AOIgSQCepiJYwP3ARnGx+5VnTu2HBYdzbGP45eLw1vr3zB3vZLeyed1sC9hnbcOc9/SrMyM5RPQrkGz4aS9Zow=="
  "resolved" "https://registry.npmmirror.com/glob-parent/-/glob-parent-5.1.2.tgz"
  "version" "5.1.2"
  dependencies:
    "is-glob" "^4.0.1"

"he@^1.2.0":
  "integrity" "sha512-F/1DnUGPopORZi0ni+CvrCgHQ5FyEAHRLSApuYWMmrbSwoN2Mn/7k+Gl38gJnR7yyDZk6WLXwiGod1JOWNDKGw=="
  "resolved" "https://registry.npmmirror.com/he/-/he-1.2.0.tgz"
  "version" "1.2.0"

"immutable@^4.0.0":
  "integrity" "sha512-fsXeu4J4i6WNWSikpI88v/PcVflZz+6kMhUfIwc5SY+poQRPnaf5V7qds6SUyUN3cVxEzuCab7QIoLOQ+DQ1wA=="
  "resolved" "https://registry.npmmirror.com/immutable/-/immutable-4.3.4.tgz"
  "version" "4.3.4"

"is-binary-path@~2.1.0":
  "integrity" "sha512-ZMERYes6pDydyuGidse7OsHxtbI7WVeUEozgR/g7rd0xUimYNlvZRE/K2MgZTjWy725IfelLeVcEM97mmtRGXw=="
  "resolved" "https://registry.npmmirror.com/is-binary-path/-/is-binary-path-2.1.0.tgz"
  "version" "2.1.0"
  dependencies:
    "binary-extensions" "^2.0.0"

"is-extglob@^2.1.1":
  "integrity" "sha512-SbKbANkN603Vi4jEZv49LeVJMn4yGwsbzZworEoyEiutsN3nJYdbO36zfhGJ6QEDpOZIFkDtnq5JRxmvl3jsoQ=="
  "resolved" "https://registry.npmmirror.com/is-extglob/-/is-extglob-2.1.1.tgz"
  "version" "2.1.1"

"is-glob@^4.0.1", "is-glob@~4.0.1":
  "integrity" "sha512-xelSayHH36ZgE7ZWhli7pW34hNbNl8Ojv5KVmkJD4hBdD3th8Tfk9vYasLM+mXWOZhFkgZfxhLSnrwRr4elSSg=="
  "resolved" "https://registry.npmmirror.com/is-glob/-/is-glob-4.0.3.tgz"
  "version" "4.0.3"
  dependencies:
    "is-extglob" "^2.1.1"

"is-number@^7.0.0":
  "integrity" "sha512-41Cifkg6e8TylSpdtTpeLVMqvSBEVzTttHvERD741+pnZ8ANv0004MRL43QKPDlK9cGvNp6NZWZUBlbGXYxxng=="
  "resolved" "https://registry.npmmirror.com/is-number/-/is-number-7.0.0.tgz"
  "version" "7.0.0"

"lodash-es@*", "lodash-es@^4.17.21":
  "integrity" "sha512-mKnC+QJ9pWVzv+C4/U3rRsHapFfHvQFoFB92e52xeyGMcX6/OlIl78je1u8vePzYZSkkogMPJ2yjxxsb89cxyw=="
  "resolved" "https://registry.npmmirror.com/lodash-es/-/lodash-es-4.17.21.tgz"
  "version" "4.17.21"

"lodash-unified@^1.0.2":
  "integrity" "sha512-WK9qSozxXOD7ZJQlpSqOT+om2ZfcT4yO+03FuzAHD0wF6S0l0090LRPDx3vhTTLZ8cFKpBn+IOcVXK6qOcIlfQ=="
  "resolved" "https://registry.npmmirror.com/lodash-unified/-/lodash-unified-1.0.3.tgz"
  "version" "1.0.3"

"lodash@*", "lodash@^4.17.21":
  "integrity" "sha512-v2kDEe57lecTulaDIuNTPy3Ry4gLGJ6Z1O3vE1krgXZNrsQ+LFTGHVxVjcXPs17LhbZVGedAJv8XZ1tvj5FvSg=="
  "resolved" "https://registry.npmmirror.com/lodash/-/lodash-4.17.21.tgz"
  "version" "4.17.21"

"lru-cache@^6.0.0":
  "integrity" "sha512-Jo6dJ04CmSjuznwJSS3pUeWmd/H0ffTlkXXgwZi+eq1UCmqQwCh+eLsYOYCwY991i2Fah4h1BEMCx4qThGbsiA=="
  "resolved" "https://registry.npmmirror.com/lru-cache/-/lru-cache-6.0.0.tgz"
  "version" "6.0.0"
  dependencies:
    "yallist" "^4.0.0"

"magic-string@^0.30.0":
  "integrity" "sha512-B7xGbll2fG/VjP+SWg4sX3JynwIU0mjoTc6MPpKNuIvftk6u6vqhDnk1R80b8C2GBR6ywqy+1DcKBrevBg+bmw=="
  "resolved" "https://registry.npmmirror.com/magic-string/-/magic-string-0.30.3.tgz"
  "version" "0.30.3"
  dependencies:
    "@jridgewell/sourcemap-codec" "^1.4.15"

"memoize-one@^6.0.0":
  "integrity" "sha512-rkpe71W0N0c0Xz6QD0eJETuWAJGnJ9afsl1srmwPrI+yBCkge5EycXXbYRyvL29zZVUWQCY7InPRCv3GDXuZNw=="
  "resolved" "https://registry.npmmirror.com/memoize-one/-/memoize-one-6.0.0.tgz"
  "version" "6.0.0"

"minimatch@^9.0.0":
  "integrity" "sha512-RHiac9mvaRw0x3AYRgDC1CxAP7HTcNrrECeA8YYJeWnpo+2Q5CegtZjaotWTWxDG3UeGA1coE05iH1mPjT/2mg=="
  "resolved" "https://registry.npmmirror.com/minimatch/-/minimatch-9.0.3.tgz"
  "version" "9.0.3"
  dependencies:
    "brace-expansion" "^2.0.1"

"muggle-string@^0.3.1":
  "integrity" "sha512-ckmWDJjphvd/FvZawgygcUeQCxzvohjFO5RxTjj4eq8kw359gFF3E1brjfI+viLMxss5JrHTDRHZvu2/tuy0Qg=="
  "resolved" "https://registry.npmmirror.com/muggle-string/-/muggle-string-0.3.1.tgz"
  "version" "0.3.1"

"nanoid@^3.3.6":
  "integrity" "sha512-BGcqMMJuToF7i1rt+2PWSNVnWIkGCU78jBG3RxO/bZlnZPK2Cmi2QaffxGO/2RvWi9sL+FAiRiXMgsyxQ1DIDA=="
  "resolved" "https://registry.npmmirror.com/nanoid/-/nanoid-3.3.6.tgz"
  "version" "3.3.6"

"normalize-path@^3.0.0", "normalize-path@~3.0.0":
  "integrity" "sha512-6eZs5Ls3WtCisHWp9S2GUy8dqkpGi4BVSz3GaqiE6ezub0512ESztXUwUB6C6IKbQkY2Pnb/mD4WYojCRwcwLA=="
  "resolved" "https://registry.npmmirror.com/normalize-path/-/normalize-path-3.0.0.tgz"
  "version" "3.0.0"

"normalize-wheel-es@^1.2.0":
  "integrity" "sha512-Wj7+EJQ8mSuXr2iWfnujrimU35R2W4FAErEyTmJoJ7ucwTn2hOUSsRehMb5RSYkxXGTM7Y9QpvPmp++w5ftoJw=="
  "resolved" "https://registry.npmmirror.com/normalize-wheel-es/-/normalize-wheel-es-1.2.0.tgz"
  "version" "1.2.0"

"picocolors@^1.0.0":
  "integrity" "sha512-1fygroTLlHu66zi26VoTDv8yRgm0Fccecssto+MhsZ0D/DGW2sm8E8AjW7NU5VVTRt5GxbeZ5qBuJr+HyLYkjQ=="
  "resolved" "https://registry.npmmirror.com/picocolors/-/picocolors-1.0.0.tgz"
  "version" "1.0.0"

"picomatch@^2.0.4", "picomatch@^2.2.1":
  "integrity" "sha512-JU3teHTNjmE2VCGFzuY8EXzCDVwEqB2a8fsIvwaStHhAWJEeVd1o1QD80CU6+ZdEXXSLbSsuLwJjkCBWqRQUVA=="
  "resolved" "https://registry.npmmirror.com/picomatch/-/picomatch-2.3.1.tgz"
  "version" "2.3.1"

"pinia@^2.1.6":
  "integrity" "sha512-bIU6QuE5qZviMmct5XwCesXelb5VavdOWKWaB17ggk++NUwQWWbP5YnsONTk3b752QkW9sACiR81rorpeOMSvQ=="
  "resolved" "https://registry.npmmirror.com/pinia/-/pinia-2.1.6.tgz"
  "version" "2.1.6"
  dependencies:
    "@vue/devtools-api" "^6.5.0"
    "vue-demi" ">=0.14.5"

"postcss@^8.1.10", "postcss@^8.4.27":
  "integrity" "sha512-7ZEao1g4kd68l97aWG/etQKPKq07us0ieSZ2TnFDk11i0ZfDW2AwKHYU8qv4MZKqN2fdBfg+7q0ES06UA73C1g=="
  "resolved" "https://registry.npmmirror.com/postcss/-/postcss-8.4.30.tgz"
  "version" "8.4.30"
  dependencies:
    "nanoid" "^3.3.6"
    "picocolors" "^1.0.0"
    "source-map-js" "^1.0.2"

"readdirp@~3.6.0":
  "integrity" "sha512-hOS089on8RduqdbhvQ5Z37A0ESjsqz6qnRcffsMU3495FuTdqSm+7bhJ29JvIOsBDEEnan5DPu9t3To9VRlMzA=="
  "resolved" "https://registry.npmmirror.com/readdirp/-/readdirp-3.6.0.tgz"
  "version" "3.6.0"
  dependencies:
    "picomatch" "^2.2.1"

"rollup@^3.27.1":
  "integrity" "sha512-T7du6Hum8jOkSWetjRgbwpM6Sy0nECYrYRSmZjayFcOddtKJWU4d17AC3HNUk7HRuqy4p+G7aEZclSHytqUmEg=="
  "resolved" "https://registry.npmmirror.com/rollup/-/rollup-3.29.3.tgz"
  "version" "3.29.3"
  optionalDependencies:
    "fsevents" "~2.3.2"

"sass@*", "sass@^1.68.0":
  "integrity" "sha512-Lmj9lM/fef0nQswm1J2HJcEsBUba4wgNx2fea6yJHODREoMFnwRpZydBnX/RjyXw2REIwdkbqE4hrTo4qfDBUA=="
  "resolved" "https://registry.npmmirror.com/sass/-/sass-1.68.0.tgz"
  "version" "1.68.0"
  dependencies:
    "chokidar" ">=3.0.0 <4.0.0"
    "immutable" "^4.0.0"
    "source-map-js" ">=0.6.2 <2.0.0"

"semver@^7.3.8":
  "integrity" "sha512-1bCSESV6Pv+i21Hvpxp3Dx+pSD8lIPt8uVjRrxAUt/nbswYc+tK6Y2btiULjd4+fnq15PX+nqQDC7Oft7WkwcA=="
  "resolved" "https://registry.npmmirror.com/semver/-/semver-7.5.4.tgz"
  "version" "7.5.4"
  dependencies:
    "lru-cache" "^6.0.0"

"source-map-js@^1.0.2", "source-map-js@>=0.6.2 <2.0.0":
  "integrity" "sha512-R0XvVJ9WusLiqTCEiGCmICCMplcCkIwwR11mOSD9CR5u+IXYdiseeEuXCVAjS54zqwkLcPNnmU4OeJ6tUrWhDw=="
  "resolved" "https://registry.npmmirror.com/source-map-js/-/source-map-js-1.0.2.tgz"
  "version" "1.0.2"

"to-regex-range@^5.0.1":
  "integrity" "sha512-65P7iz6X5yEr1cwcgvQxbbIw7Uk3gOy5dIdtZ4rDveLqhrdJP+Li/Hx6tyK0NEb+2GCyneCMJiGqrADCSNk8sQ=="
  "resolved" "https://registry.npmmirror.com/to-regex-range/-/to-regex-range-5.0.1.tgz"
  "version" "5.0.1"
  dependencies:
    "is-number" "^7.0.0"

"typescript@*", "typescript@^5.0.2", "typescript@>=4.4.4":
  "integrity" "sha512-mI4WrpHsbCIcwT9cF4FZvr80QUeKvsUsUvKDoR+X/7XHQH98xYD8YHZg7ANtz2GtZt/CBq2QJ0thkGJMHfqc1w=="
  "resolved" "https://registry.npmmirror.com/typescript/-/typescript-5.2.2.tgz"
  "version" "5.2.2"

"vite@^4.0.0", "vite@^4.4.5":
  "integrity" "sha512-2mbUn2LlUmNASWwSCNSJ/EG2HuSRTnVNaydp6vMCm5VIqJsjMfbIWtbH2kDuwUVW5mMUKKZvGPX/rqeqVvv1XA=="
  "resolved" "https://registry.npmmirror.com/vite/-/vite-4.4.9.tgz"
  "version" "4.4.9"
  dependencies:
    "esbuild" "^0.18.10"
    "postcss" "^8.4.27"
    "rollup" "^3.27.1"
  optionalDependencies:
    "fsevents" "~2.3.2"

"vue-demi@*":
  "integrity" "sha512-8QA7wrYSHKaYgUxDA5ZC24w+eHm3sYCbp0EzcDwKqN3p6HqtTCGR/GVsPyZW92unff4UlcSh++lmqDWN3ZIq4w=="
  "resolved" "https://registry.npmmirror.com/vue-demi/-/vue-demi-0.14.6.tgz"
  "version" "0.14.6"

"vue-demi@>=0.14.5":
  "integrity" "sha512-8QA7wrYSHKaYgUxDA5ZC24w+eHm3sYCbp0EzcDwKqN3p6HqtTCGR/GVsPyZW92unff4UlcSh++lmqDWN3ZIq4w=="
  "resolved" "https://registry.npmmirror.com/vue-demi/-/vue-demi-0.14.6.tgz"
  "version" "0.14.6"

"vue-router@^4.2.5":
  "integrity" "sha512-DIUpKcyg4+PTQKfFPX88UWhlagBEBEfJ5A8XDXRJLUnZOvcpMF8o/dnL90vpVkGaPbjvXazV/rC1qBKrZlFugw=="
  "resolved" "https://registry.npmmirror.com/vue-router/-/vue-router-4.2.5.tgz"
  "version" "4.2.5"
  dependencies:
    "@vue/devtools-api" "^6.5.0"

"vue-template-compiler@^2.7.14":
  "integrity" "sha512-zyA5Y3ArvVG0NacJDkkzJuPQDF8RFeRlzV2vLeSnhSpieO6LK2OVbdLPi5MPPs09Ii+gMO8nY4S3iKQxBxDmWQ=="
  "resolved" "https://registry.npmmirror.com/vue-template-compiler/-/vue-template-compiler-2.7.14.tgz"
  "version" "2.7.14"
  dependencies:
    "de-indent" "^1.0.2"
    "he" "^1.2.0"

"vue-tsc@^1.8.5":
  "integrity" "sha512-Hl8zUXPVK2KzPtbXeMCN0CSFkwvD96YOtYt9KvJPG9W8QGcNpGk9KHwPuGMxA8blWXSIli7gtsoC+clICEVdVg=="
  "resolved" "https://registry.npmmirror.com/vue-tsc/-/vue-tsc-1.8.13.tgz"
  "version" "1.8.13"
  dependencies:
    "@vue/language-core" "1.8.13"
    "@vue/typescript" "1.8.13"
    "semver" "^7.3.8"

"vue@^2.6.14 || ^3.3.0", "vue@^3.0.0-0 || ^2.6.0", "vue@^3.2.0", "vue@^3.2.25", "vue@^3.3.4", "vue@3.3.4":
  "integrity" "sha512-VTyEYn3yvIeY1Py0WaYGZsXnz3y5UnGi62GjVEqvEGPl6nxbOrCXbVOTQWBEJUqAyTUk2uJ5JLVnYJ6ZzGbrSw=="
  "resolved" "https://registry.npmmirror.com/vue/-/vue-3.3.4.tgz"
  "version" "3.3.4"
  dependencies:
    "@vue/compiler-dom" "3.3.4"
    "@vue/compiler-sfc" "3.3.4"
    "@vue/runtime-dom" "3.3.4"
    "@vue/server-renderer" "3.3.4"
    "@vue/shared" "3.3.4"

"yallist@^4.0.0":
  "integrity" "sha512-3wdGidZyq5PB084XLES5TpOSRA3wjXAlIWMhum2kRcv/41Sn2emQ0dycQW4uZXLejwKvg6EsvbdlVL+FYEct7A=="
  "resolved" "https://registry.npmmirror.com/yallist/-/yallist-4.0.0.tgz"
  "version" "4.0.0"
